// !$*UTF8*$!
{
	archiveVersion = 1;
	classes = {
	};
	objectVersion = 50;
	objects = {

/* Begin PBXBuildFile section */
		538590EB2575D05C0041CDCC /* BetWithFriendsFirstApp.swift in Sources */ = {isa = PBXBuildFile; fileRef = 538590EA2575D05C0041CDCC /* BetWithFriendsFirstApp.swift */; };
		538590ED2575D05C0041CDCC /* ContentView.swift in Sources */ = {isa = PBXBuildFile; fileRef = 538590EC2575D05C0041CDCC /* ContentView.swift */; };
		538590EF2575D05D0041CDCC /* Assets.xcassets in Resources */ = {isa = PBXBuildFile; fileRef = 538590EE2575D05D0041CDCC /* Assets.xcassets */; };
		538590F22575D05D0041CDCC /* Preview Assets.xcassets in Resources */ = {isa = PBXBuildFile; fileRef = 538590F12575D05D0041CDCC /* Preview Assets.xcassets */; };
		538590FD2575D05D0041CDCC /* BetWithFriendsFirstTests.swift in Sources */ = {isa = PBXBuildFile; fileRef = 538590FC2575D05D0041CDCC /* BetWithFriendsFirstTests.swift */; };
		538591082575D05D0041CDCC /* BetWithFriendsFirstUITests.swift in Sources */ = {isa = PBXBuildFile; fileRef = 538591072575D05D0041CDCC /* BetWithFriendsFirstUITests.swift */; };
/* End PBXBuildFile section */

/* Begin PBXContainerItemProxy section */
		538590F92575D05D0041CDCC /* PBXContainerItemProxy */ = {
			isa = PBXContainerItemProxy;
			containerPortal = 538590DF2575D05C0041CDCC /* Project object */;
			proxyType = 1;
			remoteGlobalIDString = 538590E62575D05C0041CDCC;
			remoteInfo = BetWithFriendsFirst;
		};
		538591042575D05D0041CDCC /* PBXContainerItemProxy */ = {
			isa = PBXContainerItemProxy;
			containerPortal = 538590DF2575D05C0041CDCC /* Project object */;
			proxyType = 1;
			remoteGlobalIDString = 538590E62575D05C0041CDCC;
			remoteInfo = BetWithFriendsFirst;
		};
/* End PBXContainerItemProxy section */

/* Begin PBXFileReference section */
		538590E72575D05C0041CDCC /* BetWithFriendsFirst.app */ = {isa = PBXFileReference; explicitFileType = wrapper.application; includeInIndex = 0; path = BetWithFriendsFirst.app; sourceTree = BUILT_PRODUCTS_DIR; };
		538590EA2575D05C0041CDCC /* BetWithFriendsFirstApp.swift */ = {isa = PBXFileReference; lastKnownFileType = sourcecode.swift; path = BetWithFriendsFirstApp.swift; sourceTree = "<group>"; };
		538590EC2575D05C0041CDCC /* ContentView.swift */ = {isa = PBXFileReference; lastKnownFileType = sourcecode.swift; path = ContentView.swift; sourceTree = "<group>"; };
		538590EE2575D05D0041CDCC /* Assets.xcassets */ = {isa = PBXFileReference; lastKnownFileType = folder.assetcatalog; path = Assets.xcassets; sourceTree = "<group>"; };
		538590F12575D05D0041CDCC /* Preview Assets.xcassets */ = {isa = PBXFileReference; lastKnownFileType = folder.assetcatalog; path = "Preview Assets.xcassets"; sourceTree = "<group>"; };
		538590F32575D05D0041CDCC /* Info.plist */ = {isa = PBXFileReference; lastKnownFileType = text.plist.xml; path = Info.plist; sourceTree = "<group>"; };
		538590F82575D05D0041CDCC /* BetWithFriendsFirstTests.xctest */ = {isa = PBXFileReference; explicitFileType = wrapper.cfbundle; includeInIndex = 0; path = BetWithFriendsFirstTests.xctest; sourceTree = BUILT_PRODUCTS_DIR; };
		538590FC2575D05D0041CDCC /* BetWithFriendsFirstTests.swift */ = {isa = PBXFileReference; lastKnownFileType = sourcecode.swift; path = BetWithFriendsFirstTests.swift; sourceTree = "<group>"; };
		538590FE2575D05D0041CDCC /* Info.plist */ = {isa = PBXFileReference; lastKnownFileType = text.plist.xml; path = Info.plist; sourceTree = "<group>"; };
		538591032575D05D0041CDCC /* BetWithFriendsFirstUITests.xctest */ = {isa = PBXFileReference; explicitFileType = wrapper.cfbundle; includeInIndex = 0; path = BetWithFriendsFirstUITests.xctest; sourceTree = BUILT_PRODUCTS_DIR; };
		538591072575D05D0041CDCC /* BetWithFriendsFirstUITests.swift */ = {isa = PBXFileReference; lastKnownFileType = sourcecode.swift; path = BetWithFriendsFirstUITests.swift; sourceTree = "<group>"; };
		538591092575D05D0041CDCC /* Info.plist */ = {isa = PBXFileReference; lastKnownFileType = text.plist.xml; path = Info.plist; sourceTree = "<group>"; };
/* End PBXFileReference section */

/* Begin PBXFrameworksBuildPhase section */
		538590E42575D05C0041CDCC /* Frameworks */ = {
			isa = PBXFrameworksBuildPhase;
			buildActionMask = 2147483647;
			files = (
			);
			runOnlyForDeploymentPostprocessing = 0;
		};
		538590F52575D05D0041CDCC /* Frameworks */ = {
			isa = PBXFrameworksBuildPhase;
			buildActionMask = 2147483647;
			files = (
			);
			runOnlyForDeploymentPostprocessing = 0;
		};
		538591002575D05D0041CDCC /* Frameworks */ = {
			isa = PBXFrameworksBuildPhase;
			buildActionMask = 2147483647;
			files = (
			);
			runOnlyForDeploymentPostprocessing = 0;
		};
/* End PBXFrameworksBuildPhase section */

/* Begin PBXGroup section */
		538590DE2575D05C0041CDCC = {
			isa = PBXGroup;
			children = (
				538590E92575D05C0041CDCC /* BetWithFriendsFirst */,
				538590FB2575D05D0041CDCC /* BetWithFriendsFirstTests */,
				538591062575D05D0041CDCC /* BetWithFriendsFirstUITests */,
				538590E82575D05C0041CDCC /* Products */,
			);
			sourceTree = "<group>";
		};
		538590E82575D05C0041CDCC /* Products */ = {
			isa = PBXGroup;
			children = (
				538590E72575D05C0041CDCC /* BetWithFriendsFirst.app */,
				538590F82575D05D0041CDCC /* BetWithFriendsFirstTests.xctest */,
				538591032575D05D0041CDCC /* BetWithFriendsFirstUITests.xctest */,
			);
			name = Products;
			sourceTree = "<group>";
		};
		538590E92575D05C0041CDCC /* BetWithFriendsFirst */ = {
			isa = PBXGroup;
			children = (
				538590EA2575D05C0041CDCC /* BetWithFriendsFirstApp.swift */,
				538590EC2575D05C0041CDCC /* ContentView.swift */,
				538590EE2575D05D0041CDCC /* Assets.xcassets */,
				538590F32575D05D0041CDCC /* Info.plist */,
				538590F02575D05D0041CDCC /* Preview Content */,
			);
			path = BetWithFriendsFirst;
			sourceTree = "<group>";
		};
		538590F02575D05D0041CDCC /* Preview Content */ = {
			isa = PBXGroup;
			children = (
				538590F12575D05D0041CDCC /* Preview Assets.xcassets */,
			);
			path = "Preview Content";
			sourceTree = "<group>";
		};
		538590FB2575D05D0041CDCC /* BetWithFriendsFirstTests */ = {
			isa = PBXGroup;
			children = (
				538590FC2575D05D0041CDCC /* BetWithFriendsFirstTests.swift */,
				538590FE2575D05D0041CDCC /* Info.plist */,
			);
			path = BetWithFriendsFirstTests;
			sourceTree = "<group>";
		};
		538591062575D05D0041CDCC /* BetWithFriendsFirstUITests */ = {
			isa = PBXGroup;
			children = (
				538591072575D05D0041CDCC /* BetWithFriendsFirstUITests.swift */,
				538591092575D05D0041CDCC /* Info.plist */,
			);
			path = BetWithFriendsFirstUITests;
			sourceTree = "<group>";
		};
/* End PBXGroup section */

/* Begin PBXNativeTarget section */
		538590E62575D05C0041CDCC /* BetWithFriendsFirst */ = {
			isa = PBXNativeTarget;
			buildConfigurationList = 5385910C2575D05D0041CDCC /* Build configuration list for PBXNativeTarget "BetWithFriendsFirst" */;
			buildPhases = (
				538590E32575D05C0041CDCC /* Sources */,
				538590E42575D05C0041CDCC /* Frameworks */,
				538590E52575D05C0041CDCC /* Resources */,
			);
			buildRules = (
			);
			dependencies = (
			);
			name = BetWithFriendsFirst;
			productName = BetWithFriendsFirst;
			productReference = 538590E72575D05C0041CDCC /* BetWithFriendsFirst.app */;
			productType = "com.apple.product-type.application";
		};
		538590F72575D05D0041CDCC /* BetWithFriendsFirstTests */ = {
			isa = PBXNativeTarget;
			buildConfigurationList = 5385910F2575D05D0041CDCC /* Build configuration list for PBXNativeTarget "BetWithFriendsFirstTests" */;
			buildPhases = (
				538590F42575D05D0041CDCC /* Sources */,
				538590F52575D05D0041CDCC /* Frameworks */,
				538590F62575D05D0041CDCC /* Resources */,
			);
			buildRules = (
			);
			dependencies = (
				538590FA2575D05D0041CDCC /* PBXTargetDependency */,
			);
			name = BetWithFriendsFirstTests;
			productName = BetWithFriendsFirstTests;
			productReference = 538590F82575D05D0041CDCC /* BetWithFriendsFirstTests.xctest */;
			productType = "com.apple.product-type.bundle.unit-test";
		};
		538591022575D05D0041CDCC /* BetWithFriendsFirstUITests */ = {
			isa = PBXNativeTarget;
			buildConfigurationList = 538591122575D05D0041CDCC /* Build configuration list for PBXNativeTarget "BetWithFriendsFirstUITests" */;
			buildPhases = (
				538590FF2575D05D0041CDCC /* Sources */,
				538591002575D05D0041CDCC /* Frameworks */,
				538591012575D05D0041CDCC /* Resources */,
			);
			buildRules = (
			);
			dependencies = (
				538591052575D05D0041CDCC /* PBXTargetDependency */,
			);
			name = BetWithFriendsFirstUITests;
			productName = BetWithFriendsFirstUITests;
			productReference = 538591032575D05D0041CDCC /* BetWithFriendsFirstUITests.xctest */;
			productType = "com.apple.product-type.bundle.ui-testing";
		};
/* End PBXNativeTarget section */

/* Begin PBXProject section */
		538590DF2575D05C0041CDCC /* Project object */ = {
			isa = PBXProject;
			attributes = {
				LastSwiftUpdateCheck = 1220;
				LastUpgradeCheck = 1220;
				TargetAttributes = {
					538590E62575D05C0041CDCC = {
						CreatedOnToolsVersion = 12.2;
					};
					538590F72575D05D0041CDCC = {
						CreatedOnToolsVersion = 12.2;
						TestTargetID = 538590E62575D05C0041CDCC;
					};
					538591022575D05D0041CDCC = {
						CreatedOnToolsVersion = 12.2;
						TestTargetID = 538590E62575D05C0041CDCC;
					};
				};
			};
			buildConfigurationList = 538590E22575D05C0041CDCC /* Build configuration list for PBXProject "BetWithFriendsFirst" */;
			compatibilityVersion = "Xcode 9.3";
			developmentRegion = en;
			hasScannedForEncodings = 0;
			knownRegions = (
				en,
				Base,
			);
			mainGroup = 538590DE2575D05C0041CDCC;
			productRefGroup = 538590E82575D05C0041CDCC /* Products */;
			projectDirPath = "";
			projectRoot = "";
			targets = (
				538590E62575D05C0041CDCC /* BetWithFriendsFirst */,
				538590F72575D05D0041CDCC /* BetWithFriendsFirstTests */,
				538591022575D05D0041CDCC /* BetWithFriendsFirstUITests */,
			);
		};
/* End PBXProject section */

/* Begin PBXResourcesBuildPhase section */
		538590E52575D05C0041CDCC /* Resources */ = {
			isa = PBXResourcesBuildPhase;
			buildActionMask = 2147483647;
			files = (
				538590F22575D05D0041CDCC /* Preview Assets.xcassets in Resources */,
				538590EF2575D05D0041CDCC /* Assets.xcassets in Resources */,
			);
			runOnlyForDeploymentPostprocessing = 0;
		};
		538590F62575D05D0041CDCC /* Resources */ = {
			isa = PBXResourcesBuildPhase;
			buildActionMask = 2147483647;
			files = (
			);
			runOnlyForDeploymentPostprocessing = 0;
		};
		538591012575D05D0041CDCC /* Resources */ = {
			isa = PBXResourcesBuildPhase;
			buildActionMask = 2147483647;
			files = (
			);
			runOnlyForDeploymentPostprocessing = 0;
		};
/* End PBXResourcesBuildPhase section */

/* Begin PBXSourcesBuildPhase section */
		538590E32575D05C0041CDCC /* Sources */ = {
			isa = PBXSourcesBuildPhase;
			buildActionMask = 2147483647;
			files = (
				538590ED2575D05C0041CDCC /* ContentView.swift in Sources */,
				538590EB2575D05C0041CDCC /* BetWithFriendsFirstApp.swift in Sources */,
			);
			runOnlyForDeploymentPostprocessing = 0;
		};
		538590F42575D05D0041CDCC /* Sources */ = {
			isa = PBXSourcesBuildPhase;
			buildActionMask = 2147483647;
			files = (
				538590FD2575D05D0041CDCC /* BetWithFriendsFirstTests.swift in Sources */,
			);
			runOnlyForDeploymentPostprocessing = 0;
		};
		538590FF2575D05D0041CDCC /* Sources */ = {
			isa = PBXSourcesBuildPhase;
			buildActionMask = 2147483647;
			files = (
				538591082575D05D0041CDCC /* BetWithFriendsFirstUITests.swift in Sources */,
			);
			runOnlyForDeploymentPostprocessing = 0;
		};
/* End PBXSourcesBuildPhase section */

/* Begin PBXTargetDependency section */
		538590FA2575D05D0041CDCC /* PBXTargetDependency */ = {
			isa = PBXTargetDependency;
			target = 538590E62575D05C0041CDCC /* BetWithFriendsFirst */;
			targetProxy = 538590F92575D05D0041CDCC /* PBXContainerItemProxy */;
		};
		538591052575D05D0041CDCC /* PBXTargetDependency */ = {
			isa = PBXTargetDependency;
			target = 538590E62575D05C0041CDCC /* BetWithFriendsFirst */;
			targetProxy = 538591042575D05D0041CDCC /* PBXContainerItemProxy */;
		};
/* End PBXTargetDependency section */

/* Begin XCBuildConfiguration section */
		5385910A2575D05D0041CDCC /* Debug */ = {
			isa = XCBuildConfiguration;
			buildSettings = {
				ALWAYS_SEARCH_USER_PATHS = NO;
				CLANG_ANALYZER_NONNULL = YES;
				CLANG_ANALYZER_NUMBER_OBJECT_CONVERSION = YES_AGGRESSIVE;
				CLANG_CXX_LANGUAGE_STANDARD = "gnu++14";
				CLANG_CXX_LIBRARY = "libc++";
				CLANG_ENABLE_MODULES = YES;
				CLANG_ENABLE_OBJC_ARC = YES;
				CLANG_ENABLE_OBJC_WEAK = YES;
				CLANG_WARN_BLOCK_CAPTURE_AUTORELEASING = YES;
				CLANG_WARN_BOOL_CONVERSION = YES;
				CLANG_WARN_COMMA = YES;
				CLANG_WARN_CONSTANT_CONVERSION = YES;
				CLANG_WARN_DEPRECATED_OBJC_IMPLEMENTATIONS = YES;
				CLANG_WARN_DIRECT_OBJC_ISA_USAGE = YES_ERROR;
				CLANG_WARN_DOCUMENTATION_COMMENTS = YES;
				CLANG_WARN_EMPTY_BODY = YES;
				CLANG_WARN_ENUM_CONVERSION = YES;
				CLANG_WARN_INFINITE_RECURSION = YES;
				CLANG_WARN_INT_CONVERSION = YES;
				CLANG_WARN_NON_LITERAL_NULL_CONVERSION = YES;
				CLANG_WARN_OBJC_IMPLICIT_RETAIN_SELF = YES;
				CLANG_WARN_OBJC_LITERAL_CONVERSION = YES;
				CLANG_WARN_OBJC_ROOT_CLASS = YES_ERROR;
				CLANG_WARN_QUOTED_INCLUDE_IN_FRAMEWORK_HEADER = YES;
				CLANG_WARN_RANGE_LOOP_ANALYSIS = YES;
				CLANG_WARN_STRICT_PROTOTYPES = YES;
				CLANG_WARN_SUSPICIOUS_MOVE = YES;
				CLANG_WARN_UNGUARDED_AVAILABILITY = YES_AGGRESSIVE;
				CLANG_WARN_UNREACHABLE_CODE = YES;
				CLANG_WARN__DUPLICATE_METHOD_MATCH = YES;
				COPY_PHASE_STRIP = NO;
				DEBUG_INFORMATION_FORMAT = dwarf;
				ENABLE_STRICT_OBJC_MSGSEND = YES;
				ENABLE_TESTABILITY = YES;
				GCC_C_LANGUAGE_STANDARD = gnu11;
				GCC_DYNAMIC_NO_PIC = NO;
				GCC_NO_COMMON_BLOCKS = YES;
				GCC_OPTIMIZATION_LEVEL = 0;
				GCC_PREPROCESSOR_DEFINITIONS = (
					"DEBUG=1",
					"$(inherited)",
				);
				GCC_WARN_64_TO_32_BIT_CONVERSION = YES;
				GCC_WARN_ABOUT_RETURN_TYPE = YES_ERROR;
				GCC_WARN_UNDECLARED_SELECTOR = YES;
				GCC_WARN_UNINITIALIZED_AUTOS = YES_AGGRESSIVE;
				GCC_WARN_UNUSED_FUNCTION = YES;
				GCC_WARN_UNUSED_VARIABLE = YES;
				IPHONEOS_DEPLOYMENT_TARGET = 14.2;
				MTL_ENABLE_DEBUG_INFO = INCLUDE_SOURCE;
				MTL_FAST_MATH = YES;
				ONLY_ACTIVE_ARCH = YES;
				SDKROOT = iphoneos;
				SWIFT_ACTIVE_COMPILATION_CONDITIONS = DEBUG;
				SWIFT_OPTIMIZATION_LEVEL = "-Onone";
			};
			name = Debug;
		};
		5385910B2575D05D0041CDCC /* Release */ = {
			isa = XCBuildConfiguration;
			buildSettings = {
				ALWAYS_SEARCH_USER_PATHS = NO;
				CLANG_ANALYZER_NONNULL = YES;
				CLANG_ANALYZER_NUMBER_OBJECT_CONVERSION = YES_AGGRESSIVE;
				CLANG_CXX_LANGUAGE_STANDARD = "gnu++14";
				CLANG_CXX_LIBRARY = "libc++";
				CLANG_ENABLE_MODULES = YES;
				CLANG_ENABLE_OBJC_ARC = YES;
				CLANG_ENABLE_OBJC_WEAK = YES;
				CLANG_WARN_BLOCK_CAPTURE_AUTORELEASING = YES;
				CLANG_WARN_BOOL_CONVERSION = YES;
				CLANG_WARN_COMMA = YES;
				CLANG_WARN_CONSTANT_CONVERSION = YES;
				CLANG_WARN_DEPRECATED_OBJC_IMPLEMENTATIONS = YES;
				CLANG_WARN_DIRECT_OBJC_ISA_USAGE = YES_ERROR;
				CLANG_WARN_DOCUMENTATION_COMMENTS = YES;
				CLANG_WARN_EMPTY_BODY = YES;
				CLANG_WARN_ENUM_CONVERSION = YES;
				CLANG_WARN_INFINITE_RECURSION = YES;
				CLANG_WARN_INT_CONVERSION = YES;
				CLANG_WARN_NON_LITERAL_NULL_CONVERSION = YES;
				CLANG_WARN_OBJC_IMPLICIT_RETAIN_SELF = YES;
				CLANG_WARN_OBJC_LITERAL_CONVERSION = YES;
				CLANG_WARN_OBJC_ROOT_CLASS = YES_ERROR;
				CLANG_WARN_QUOTED_INCLUDE_IN_FRAMEWORK_HEADER = YES;
				CLANG_WARN_RANGE_LOOP_ANALYSIS = YES;
				CLANG_WARN_STRICT_PROTOTYPES = YES;
				CLANG_WARN_SUSPICIOUS_MOVE = YES;
				CLANG_WARN_UNGUARDED_AVAILABILITY = YES_AGGRESSIVE;
				CLANG_WARN_UNREACHABLE_CODE = YES;
				CLANG_WARN__DUPLICATE_METHOD_MATCH = YES;
				COPY_PHASE_STRIP = NO;
				DEBUG_INFORMATION_FORMAT = "dwarf-with-dsym";
				ENABLE_NS_ASSERTIONS = NO;
				ENABLE_STRICT_OBJC_MSGSEND = YES;
				GCC_C_LANGUAGE_STANDARD = gnu11;
				GCC_NO_COMMON_BLOCKS = YES;
				GCC_WARN_64_TO_32_BIT_CONVERSION = YES;
				GCC_WARN_ABOUT_RETURN_TYPE = YES_ERROR;
				GCC_WARN_UNDECLARED_SELECTOR = YES;
				GCC_WARN_UNINITIALIZED_AUTOS = YES_AGGRESSIVE;
				GCC_WARN_UNUSED_FUNCTION = YES;
				GCC_WARN_UNUSED_VARIABLE = YES;
				IPHONEOS_DEPLOYMENT_TARGET = 14.2;
				MTL_ENABLE_DEBUG_INFO = NO;
				MTL_FAST_MATH = YES;
				SDKROOT = iphoneos;
				SWIFT_COMPILATION_MODE = wholemodule;
				SWIFT_OPTIMIZATION_LEVEL = "-O";
				VALIDATE_PRODUCT = YES;
			};
			name = Release;
		};
		5385910D2575D05D0041CDCC /* Debug */ = {
			isa = XCBuildConfiguration;
			buildSettings = {
				ASSETCATALOG_COMPILER_APPICON_NAME = AppIcon;
				ASSETCATALOG_COMPILER_GLOBAL_ACCENT_COLOR_NAME = AccentColor;
				CODE_SIGN_STYLE = Automatic;
				DEVELOPMENT_ASSET_PATHS = "\"BetWithFriendsFirst/Preview Content\"";
				ENABLE_PREVIEWS = YES;
				INFOPLIST_FILE = BetWithFriendsFirst/Info.plist;
				IPHONEOS_DEPLOYMENT_TARGET = 14.0;
				LD_RUNPATH_SEARCH_PATHS = (
					"$(inherited)",
					"@executable_path/Frameworks",
				);
				PRODUCT_BUNDLE_IDENTIFIER = com.samburton.BetWithFriendsFirst;
				PRODUCT_NAME = "$(TARGET_NAME)";
				SWIFT_VERSION = 5.0;
				TARGETED_DEVICE_FAMILY = "1,2";
			};
			name = Debug;
		};
		5385910E2575D05D0041CDCC /* Release */ = {
			isa = XCBuildConfiguration;
			buildSettings = {
				ASSETCATALOG_COMPILER_APPICON_NAME = AppIcon;
				ASSETCATALOG_COMPILER_GLOBAL_ACCENT_COLOR_NAME = AccentColor;
				CODE_SIGN_STYLE = Automatic;
				DEVELOPMENT_ASSET_PATHS = "\"BetWithFriendsFirst/Preview Content\"";
				ENABLE_PREVIEWS = YES;
				INFOPLIST_FILE = BetWithFriendsFirst/Info.plist;
				IPHONEOS_DEPLOYMENT_TARGET = 14.0;
				LD_RUNPATH_SEARCH_PATHS = (
					"$(inherited)",
					"@executable_path/Frameworks",
				);
				PRODUCT_BUNDLE_IDENTIFIER = com.samburton.BetWithFriendsFirst;
				PRODUCT_NAME = "$(TARGET_NAME)";
				SWIFT_VERSION = 5.0;
				TARGETED_DEVICE_FAMILY = "1,2";
			};
			name = Release;
		};
		538591102575D05D0041CDCC /* Debug */ = {
			isa = XCBuildConfiguration;
			buildSettings = {
				ALWAYS_EMBED_SWIFT_STANDARD_LIBRARIES = YES;
				BUNDLE_LOADER = "$(TEST_HOST)";
				CODE_SIGN_STYLE = Automatic;
				INFOPLIST_FILE = BetWithFriendsFirstTests/Info.plist;
				IPHONEOS_DEPLOYMENT_TARGET = 14.0;
				LD_RUNPATH_SEARCH_PATHS = (
					"$(inherited)",
					"@executable_path/Frameworks",
					"@loader_path/Frameworks",
				);
				PRODUCT_BUNDLE_IDENTIFIER = com.samburton.BetWithFriendsFirstTests;
				PRODUCT_NAME = "$(TARGET_NAME)";
				SWIFT_VERSION = 5.0;
				TARGETED_DEVICE_FAMILY = "1,2";
				TEST_HOST = "$(BUILT_PRODUCTS_DIR)/BetWithFriendsFirst.app/BetWithFriendsFirst";
			};
			name = Debug;
		};
		538591112575D05D0041CDCC /* Release */ = {
			isa = XCBuildConfiguration;
			buildSettings = {
				ALWAYS_EMBED_SWIFT_STANDARD_LIBRARIES = YES;
				BUNDLE_LOADER = "$(TEST_HOST)";
				CODE_SIGN_STYLE = Automatic;
				INFOPLIST_FILE = BetWithFriendsFirstTests/Info.plist;
				IPHONEOS_DEPLOYMENT_TARGET = 14.0;
				LD_RUNPATH_SEARCH_PATHS = (
					"$(inherited)",
					"@executable_path/Frameworks",
					"@loader_path/Frameworks",
				);
				PRODUCT_BUNDLE_IDENTIFIER = com.samburton.BetWithFriendsFirstTests;
				PRODUCT_NAME = "$(TARGET_NAME)";
				SWIFT_VERSION = 5.0;
				TARGETED_DEVICE_FAMILY = "1,2";
				TEST_HOST = "$(BUILT_PRODUCTS_DIR)/BetWithFriendsFirst.app/BetWithFriendsFirst";
			};
			name = Release;
		};
		538591132575D05D0041CDCC /* Debug */ = {
			isa = XCBuildConfiguration;
			buildSettings = {
				ALWAYS_EMBED_SWIFT_STANDARD_LIBRARIES = YES;
				CODE_SIGN_STYLE = Automatic;
				INFOPLIST_FILE = BetWithFriendsFirstUITests/Info.plist;
				LD_RUNPATH_SEARCH_PATHS = (
					"$(inherited)",
					"@executable_path/Frameworks",
					"@loader_path/Frameworks",
				);
				PRODUCT_BUNDLE_IDENTIFIER = com.samburton.BetWithFriendsFirstUITests;
				PRODUCT_NAME = "$(TARGET_NAME)";
				SWIFT_VERSION = 5.0;
				TARGETED_DEVICE_FAMILY = "1,2";
				TEST_TARGET_NAME = BetWithFriendsFirst;
			};
			name = Debug;
		};
		538591142575D05D0041CDCC /* Release */ = {
			isa = XCBuildConfiguration;
			buildSettings = {
				ALWAYS_EMBED_SWIFT_STANDARD_LIBRARIES = YES;
				CODE_SIGN_STYLE = Automatic;
				INFOPLIST_FILE = BetWithFriendsFirstUITests/Info.plist;
				LD_RUNPATH_SEARCH_PATHS = (
					"$(inherited)",
					"@executable_path/Frameworks",
					"@loader_path/Frameworks",
				);
				PRODUCT_BUNDLE_IDENTIFIER = com.samburton.BetWithFriendsFirstUITests;
				PRODUCT_NAME = "$(TARGET_NAME)";
				SWIFT_VERSION = 5.0;
				TARGETED_DEVICE_FAMILY = "1,2";
				TEST_TARGET_NAME = BetWithFriendsFirst;
			};
			name = Release;
		};
/* End XCBuildConfiguration section */

/* Begin XCConfigurationList section */
		538590E22575D05C0041CDCC /* Build configuration list for PBXProject "BetWithFriendsFirst" */ = {
			isa = XCConfigurationList;
			buildConfigurations = (
				5385910A2575D05D0041CDCC /* Debug */,
				5385910B2575D05D0041CDCC /* Release */,
			);
			defaultConfigurationIsVisible = 0;
			defaultConfigurationName = Release;
		};
		5385910C2575D05D0041CDCC /* Build configuration list for PBXNativeTarget "BetWithFriendsFirst" */ = {
			isa = XCConfigurationList;
			buildConfigurations = (
				5385910D2575D05D0041CDCC /* Debug */,
				5385910E2575D05D0041CDCC /* Release */,
			);
			defaultConfigurationIsVisible = 0;
			defaultConfigurationName = Release;
		};
		5385910F2575D05D0041CDCC /* Build configuration list for PBXNativeTarget "BetWithFriendsFirstTests" */ = {
			isa = XCConfigurationList;
			buildConfigurations = (
				538591102575D05D0041CDCC /* Debug */,
				538591112575D05D0041CDCC /* Release */,
			);
			defaultConfigurationIsVisible = 0;
			defaultConfigurationName = Release;
		};
		538591122575D05D0041CDCC /* Build configuration list for PBXNativeTarget "BetWithFriendsFirstUITests" */ = {
			isa = XCConfigurationList;
			buildConfigurations = (
				538591132575D05D0041CDCC /* Debug */,
				538591142575D05D0041CDCC /* Release */,
			);
			defaultConfigurationIsVisible = 0;
			defaultConfigurationName = Release;
		};
/* End XCConfigurationList section */
	};
	rootObject = 538590DF2575D05C0041CDCC /* Project object */;
}
